
Microsoft Visual Studio Solution File, Format Version 12.00
# Visual Studio Version 17
VisualStudioVersion = 17.8.34330.188
MinimumVisualStudioVersion = 10.0.40219.1
Project("{9A19103F-16F7-4668-BE54-9A1E7A4F7556}") = "MediatorAPI_Auth", "MediatorAPI_Auth\MediatorAPI_Auth.csproj", "{5F2E50F6-2AD2-4BB4-B88B-A699FC7C3CBB}"
EndProject
Global
	GlobalSection(SolutionConfigurationPlatforms) = preSolution
		Debug|Any CPU = Debug|Any CPU
		Release|Any CPU = Release|Any CPU
	EndGlobalSection
	GlobalSection(ProjectConfigurationPlatforms) = postSolution
		{5F2E50F6-2AD2-4BB4-B88B-A699FC7C3CBB}.Debug|Any CPU.ActiveCfg = Debug|Any CPU
		{5F2E50F6-2AD2-4BB4-B88B-A699FC7C3CBB}.Debug|Any CPU.Build.0 = Debug|Any CPU
		{5F2E50F6-2AD2-4BB4-B88B-A699FC7C3CBB}.Release|Any CPU.ActiveCfg = Release|Any CPU
		{5F2E50F6-2AD2-4BB4-B88B-A699FC7C3CBB}.Release|Any CPU.Build.0 = Release|Any CPU
	EndGlobalSection
	GlobalSection(SolutionProperties) = preSolution
		HideSolutionNode = FALSE
	EndGlobalSection
	GlobalSection(ExtensibilityGlobals) = postSolution
		SolutionGuid = {8841C44E-1406-4811-B1AE-86B2D847544C}
	EndGlobalSection
EndGlobal
